
Microsoft Visual Studio Solution File, Format Version 12.00
# Visual Studio Version 17
VisualStudioVersion = 17.4.33122.133
MinimumVisualStudioVersion = 10.0.40219.1
Project("{FAE04EC0-301F-11D3-BF4B-00C04F79EFBC}") = "WpfApp1", "WpfApp1\WpfApp1.csproj", "{777B9BBA-3142-415E-80D4-F6FC42A5242B}"
EndProject
Global
	GlobalSection(SolutionConfigurationPlatforms) = preSolution
		Debug|Any CPU = Debug|Any CPU
		Release|Any CPU = Release|Any CPU
	EndGlobalSection
	GlobalSection(ProjectConfigurationPlatforms) = postSolution
		{777B9BBA-3142-415E-80D4-F6FC42A5242B}.Debug|Any CPU.ActiveCfg = Debug|Any CPU
		{777B9BBA-3142-415E-80D4-F6FC42A5242B}.Debug|Any CPU.Build.0 = Debug|Any CPU
		{777B9BBA-3142-415E-80D4-F6FC42A5242B}.Release|Any CPU.ActiveCfg = Release|Any CPU
		{777B9BBA-3142-415E-80D4-F6FC42A5242B}.Release|Any CPU.Build.0 = Release|Any CPU
	EndGlobalSection
	GlobalSection(SolutionProperties) = preSolution
		HideSolutionNode = FALSE
	EndGlobalSection
	GlobalSection(ExtensibilityGlobals) = postSolution
		SolutionGuid = {3D4FEDC6-9B8D-4383-B66C-81DC1C9B11FE}
	EndGlobalSection
EndGlobal
